// !$*UTF8*$!
{
	archiveVersion = 1;
	classes = {
	};
	objectVersion = 56;
	objects = {

/* Begin PBXBuildFile section */
		D49B57762ABF65A6008D2D51 /* main.swift in Sources */ = {isa = PBXBuildFile; fileRef = D49B57752ABF65A6008D2D51 /* main.swift */; };
/* End PBXBuildFile section */

/* Begin PBXCopyFilesBuildPhase section */
		D49B57702ABF65A6008D2D51 /* CopyFiles */ = {
			isa = PBXCopyFilesBuildPhase;
			buildActionMask = 2147483647;
			dstPath = /usr/share/man/man1/;
			dstSubfolderSpec = 0;
			files = (
			);
			runOnlyForDeploymentPostprocessing = 1;
		};
/* End PBXCopyFilesBuildPhase section */

/* Begin PBXFileReference section */
		D444C2492AD2038800E6DD86 /* 42587(프로세스).swift */ = {isa = PBXFileReference; lastKnownFileType = sourcecode.swift; path = "42587(프로세스).swift"; sourceTree = "<group>"; };
		D444C24A2AD2F42800E6DD86 /* 42583(다리를 지나는 트럭).swift */ = {isa = PBXFileReference; lastKnownFileType = sourcecode.swift; path = "42583(다리를 지나는 트럭).swift"; sourceTree = "<group>"; };
		D444C24D2AD3F01500E6DD86 /* 2798.swift */ = {isa = PBXFileReference; lastKnownFileType = sourcecode.swift; path = 2798.swift; sourceTree = "<group>"; };
		D444C24E2AD3F03B00E6DD86 /* 2839.swift */ = {isa = PBXFileReference; lastKnownFileType = sourcecode.swift; path = 2839.swift; sourceTree = "<group>"; };
		D444C2502AD6F61600E6DD86 /* 11441(합 구하기).swift */ = {isa = PBXFileReference; lastKnownFileType = sourcecode.swift; path = "11441(합 구하기).swift"; sourceTree = "<group>"; };
		D444C2512AD85D3200E6DD86 /* 11659(구간 합 구하기4).swift */ = {isa = PBXFileReference; lastKnownFileType = sourcecode.swift; path = "11659(구간 합 구하기4).swift"; sourceTree = "<group>"; };
		D46C7F8E2ADB28D7003D5250 /* 2559(수열).swift */ = {isa = PBXFileReference; lastKnownFileType = sourcecode.swift; path = "2559(수열).swift"; sourceTree = "<group>"; };
		D46C7F8F2ADEF7F8003D5250 /* 25682(not solved).swift */ = {isa = PBXFileReference; lastKnownFileType = sourcecode.swift; path = "25682(not solved).swift"; sourceTree = "<group>"; };
		D46C7F902ADEFB2C003D5250 /* 21921(블로그).swift */ = {isa = PBXFileReference; lastKnownFileType = sourcecode.swift; path = "21921(블로그).swift"; sourceTree = "<group>"; };
		D49B57722ABF65A6008D2D51 /* SwiftAlgorithm */ = {isa = PBXFileReference; explicitFileType = "compiled.mach-o.executable"; includeInIndex = 0; path = SwiftAlgorithm; sourceTree = BUILT_PRODUCTS_DIR; };
		D49B57752ABF65A6008D2D51 /* main.swift */ = {isa = PBXFileReference; lastKnownFileType = sourcecode.swift; path = main.swift; sourceTree = "<group>"; };
		D49B577D2ABF661A008D2D51 /* 12909(올바른 괄호).swift */ = {isa = PBXFileReference; lastKnownFileType = sourcecode.swift; path = "12909(올바른 괄호).swift"; sourceTree = "<group>"; };
		D49B577E2AC1EA3C008D2D51 /* 42748(K번째수).swift */ = {isa = PBXFileReference; lastKnownFileType = sourcecode.swift; path = "42748(K번째수).swift"; sourceTree = "<group>"; };
		D49B577F2AC9B83E008D2D51 /* 42586(기능개발).swift */ = {isa = PBXFileReference; lastKnownFileType = sourcecode.swift; path = "42586(기능개발).swift"; sourceTree = "<group>"; };
/* End PBXFileReference section */

/* Begin PBXFrameworksBuildPhase section */
		D49B576F2ABF65A6008D2D51 /* Frameworks */ = {
			isa = PBXFrameworksBuildPhase;
			buildActionMask = 2147483647;
			files = (
			);
			runOnlyForDeploymentPostprocessing = 0;
		};
/* End PBXFrameworksBuildPhase section */

/* Begin PBXGroup section */
		D444C24B2AD3EFE900E6DD86 /* Baekjoon */ = {
			isa = PBXGroup;
			children = (
				D444C24F2AD6F60700E6DD86 /* Cumulative Sum */,
				D444C24C2AD3EFFC00E6DD86 /* Brute Force */,
			);
			path = Baekjoon;
			sourceTree = "<group>";
		};
		D444C24C2AD3EFFC00E6DD86 /* Brute Force */ = {
			isa = PBXGroup;
			children = (
				D444C24D2AD3F01500E6DD86 /* 2798.swift */,
				D444C24E2AD3F03B00E6DD86 /* 2839.swift */,
			);
			path = "Brute Force";
			sourceTree = "<group>";
		};
		D444C24F2AD6F60700E6DD86 /* Cumulative Sum */ = {
			isa = PBXGroup;
			children = (
				D444C2502AD6F61600E6DD86 /* 11441(합 구하기).swift */,
				D444C2512AD85D3200E6DD86 /* 11659(구간 합 구하기4).swift */,
				D46C7F8E2ADB28D7003D5250 /* 2559(수열).swift */,
				D46C7F8F2ADEF7F8003D5250 /* 25682(not solved).swift */,
				D46C7F902ADEFB2C003D5250 /* 21921(블로그).swift */,
			);
			path = "Cumulative Sum";
			sourceTree = "<group>";
		};
		D49B57692ABF65A6008D2D51 = {
			isa = PBXGroup;
			children = (
				D49B57742ABF65A6008D2D51 /* SwiftAlgorithm */,
				D49B57732ABF65A6008D2D51 /* Products */,
			);
			sourceTree = "<group>";
		};
		D49B57732ABF65A6008D2D51 /* Products */ = {
			isa = PBXGroup;
			children = (
				D49B57722ABF65A6008D2D51 /* SwiftAlgorithm */,
			);
			name = Products;
			sourceTree = "<group>";
		};
		D49B57742ABF65A6008D2D51 /* SwiftAlgorithm */ = {
			isa = PBXGroup;
			children = (
				D444C24B2AD3EFE900E6DD86 /* Baekjoon */,
				D49B577C2ABF65F1008D2D51 /* Programmers */,
				D49B57752ABF65A6008D2D51 /* main.swift */,
			);
			path = SwiftAlgorithm;
			sourceTree = "<group>";
		};
		D49B577C2ABF65F1008D2D51 /* Programmers */ = {
			isa = PBXGroup;
			children = (
				D49B577D2ABF661A008D2D51 /* 12909(올바른 괄호).swift */,
				D49B577E2AC1EA3C008D2D51 /* 42748(K번째수).swift */,
				D49B577F2AC9B83E008D2D51 /* 42586(기능개발).swift */,
				D444C2492AD2038800E6DD86 /* 42587(프로세스).swift */,
				D444C24A2AD2F42800E6DD86 /* 42583(다리를 지나는 트럭).swift */,
			);
			path = Programmers;
			sourceTree = "<group>";
		};
/* End PBXGroup section */

/* Begin PBXNativeTarget section */
		D49B57712ABF65A6008D2D51 /* SwiftAlgorithm */ = {
			isa = PBXNativeTarget;
			buildConfigurationList = D49B57792ABF65A6008D2D51 /* Build configuration list for PBXNativeTarget "SwiftAlgorithm" */;
			buildPhases = (
				D49B576E2ABF65A6008D2D51 /* Sources */,
				D49B576F2ABF65A6008D2D51 /* Frameworks */,
				D49B57702ABF65A6008D2D51 /* CopyFiles */,
			);
			buildRules = (
			);
			dependencies = (
			);
			name = SwiftAlgorithm;
			productName = SwiftAlgorithm;
			productReference = D49B57722ABF65A6008D2D51 /* SwiftAlgorithm */;
			productType = "com.apple.product-type.tool";
		};
/* End PBXNativeTarget section */

/* Begin PBXProject section */
		D49B576A2ABF65A6008D2D51 /* Project object */ = {
			isa = PBXProject;
			attributes = {
				BuildIndependentTargetsInParallel = 1;
				LastSwiftUpdateCheck = 1430;
				LastUpgradeCheck = 1500;
				TargetAttributes = {
					D49B57712ABF65A6008D2D51 = {
						CreatedOnToolsVersion = 14.3.1;
					};
				};
			};
			buildConfigurationList = D49B576D2ABF65A6008D2D51 /* Build configuration list for PBXProject "SwiftAlgorithm" */;
			compatibilityVersion = "Xcode 14.0";
			developmentRegion = en;
			hasScannedForEncodings = 0;
			knownRegions = (
				en,
				Base,
			);
			mainGroup = D49B57692ABF65A6008D2D51;
			productRefGroup = D49B57732ABF65A6008D2D51 /* Products */;
			projectDirPath = "";
			projectRoot = "";
			targets = (
				D49B57712ABF65A6008D2D51 /* SwiftAlgorithm */,
			);
		};
/* End PBXProject section */

/* Begin PBXSourcesBuildPhase section */
		D49B576E2ABF65A6008D2D51 /* Sources */ = {
			isa = PBXSourcesBuildPhase;
			buildActionMask = 2147483647;
			files = (
				D49B57762ABF65A6008D2D51 /* main.swift in Sources */,
			);
			runOnlyForDeploymentPostprocessing = 0;
		};
/* End PBXSourcesBuildPhase section */

/* Begin XCBuildConfiguration section */
		D49B57772ABF65A6008D2D51 /* Debug */ = {
			isa = XCBuildConfiguration;
			buildSettings = {
				ALWAYS_SEARCH_USER_PATHS = NO;
				CLANG_ANALYZER_NONNULL = YES;
				CLANG_ANALYZER_NUMBER_OBJECT_CONVERSION = YES_AGGRESSIVE;
				CLANG_CXX_LANGUAGE_STANDARD = "gnu++20";
				CLANG_ENABLE_MODULES = YES;
				CLANG_ENABLE_OBJC_ARC = YES;
				CLANG_ENABLE_OBJC_WEAK = YES;
				CLANG_WARN_BLOCK_CAPTURE_AUTORELEASING = YES;
				CLANG_WARN_BOOL_CONVERSION = YES;
				CLANG_WARN_COMMA = YES;
				CLANG_WARN_CONSTANT_CONVERSION = YES;
				CLANG_WARN_DEPRECATED_OBJC_IMPLEMENTATIONS = YES;
				CLANG_WARN_DIRECT_OBJC_ISA_USAGE = YES_ERROR;
				CLANG_WARN_DOCUMENTATION_COMMENTS = YES;
				CLANG_WARN_EMPTY_BODY = YES;
				CLANG_WARN_ENUM_CONVERSION = YES;
				CLANG_WARN_INFINITE_RECURSION = YES;
				CLANG_WARN_INT_CONVERSION = YES;
				CLANG_WARN_NON_LITERAL_NULL_CONVERSION = YES;
				CLANG_WARN_OBJC_IMPLICIT_RETAIN_SELF = YES;
				CLANG_WARN_OBJC_LITERAL_CONVERSION = YES;
				CLANG_WARN_OBJC_ROOT_CLASS = YES_ERROR;
				CLANG_WARN_QUOTED_INCLUDE_IN_FRAMEWORK_HEADER = YES;
				CLANG_WARN_RANGE_LOOP_ANALYSIS = YES;
				CLANG_WARN_STRICT_PROTOTYPES = YES;
				CLANG_WARN_SUSPICIOUS_MOVE = YES;
				CLANG_WARN_UNGUARDED_AVAILABILITY = YES_AGGRESSIVE;
				CLANG_WARN_UNREACHABLE_CODE = YES;
				CLANG_WARN__DUPLICATE_METHOD_MATCH = YES;
				COPY_PHASE_STRIP = NO;
				DEBUG_INFORMATION_FORMAT = dwarf;
				ENABLE_STRICT_OBJC_MSGSEND = YES;
				ENABLE_TESTABILITY = YES;
				GCC_C_LANGUAGE_STANDARD = gnu11;
				GCC_DYNAMIC_NO_PIC = NO;
				GCC_NO_COMMON_BLOCKS = YES;
				GCC_OPTIMIZATION_LEVEL = 0;
				GCC_PREPROCESSOR_DEFINITIONS = (
					"DEBUG=1",
					"$(inherited)",
				);
				GCC_WARN_64_TO_32_BIT_CONVERSION = YES;
				GCC_WARN_ABOUT_RETURN_TYPE = YES_ERROR;
				GCC_WARN_UNDECLARED_SELECTOR = YES;
				GCC_WARN_UNINITIALIZED_AUTOS = YES_AGGRESSIVE;
				GCC_WARN_UNUSED_FUNCTION = YES;
				GCC_WARN_UNUSED_VARIABLE = YES;
				MACOSX_DEPLOYMENT_TARGET = 13.3;
				MTL_ENABLE_DEBUG_INFO = INCLUDE_SOURCE;
				MTL_FAST_MATH = YES;
				ONLY_ACTIVE_ARCH = YES;
				SDKROOT = macosx;
				SWIFT_ACTIVE_COMPILATION_CONDITIONS = DEBUG;
				SWIFT_OPTIMIZATION_LEVEL = "-Onone";
			};
			name = Debug;
		};
		D49B57782ABF65A6008D2D51 /* Release */ = {
			isa = XCBuildConfiguration;
			buildSettings = {
				ALWAYS_SEARCH_USER_PATHS = NO;
				CLANG_ANALYZER_NONNULL = YES;
				CLANG_ANALYZER_NUMBER_OBJECT_CONVERSION = YES_AGGRESSIVE;
				CLANG_CXX_LANGUAGE_STANDARD = "gnu++20";
				CLANG_ENABLE_MODULES = YES;
				CLANG_ENABLE_OBJC_ARC = YES;
				CLANG_ENABLE_OBJC_WEAK = YES;
				CLANG_WARN_BLOCK_CAPTURE_AUTORELEASING = YES;
				CLANG_WARN_BOOL_CONVERSION = YES;
				CLANG_WARN_COMMA = YES;
				CLANG_WARN_CONSTANT_CONVERSION = YES;
				CLANG_WARN_DEPRECATED_OBJC_IMPLEMENTATIONS = YES;
				CLANG_WARN_DIRECT_OBJC_ISA_USAGE = YES_ERROR;
				CLANG_WARN_DOCUMENTATION_COMMENTS = YES;
				CLANG_WARN_EMPTY_BODY = YES;
				CLANG_WARN_ENUM_CONVERSION = YES;
				CLANG_WARN_INFINITE_RECURSION = YES;
				CLANG_WARN_INT_CONVERSION = YES;
				CLANG_WARN_NON_LITERAL_NULL_CONVERSION = YES;
				CLANG_WARN_OBJC_IMPLICIT_RETAIN_SELF = YES;
				CLANG_WARN_OBJC_LITERAL_CONVERSION = YES;
				CLANG_WARN_OBJC_ROOT_CLASS = YES_ERROR;
				CLANG_WARN_QUOTED_INCLUDE_IN_FRAMEWORK_HEADER = YES;
				CLANG_WARN_RANGE_LOOP_ANALYSIS = YES;
				CLANG_WARN_STRICT_PROTOTYPES = YES;
				CLANG_WARN_SUSPICIOUS_MOVE = YES;
				CLANG_WARN_UNGUARDED_AVAILABILITY = YES_AGGRESSIVE;
				CLANG_WARN_UNREACHABLE_CODE = YES;
				CLANG_WARN__DUPLICATE_METHOD_MATCH = YES;
				COPY_PHASE_STRIP = NO;
				DEBUG_INFORMATION_FORMAT = "dwarf-with-dsym";
				ENABLE_NS_ASSERTIONS = NO;
				ENABLE_STRICT_OBJC_MSGSEND = YES;
				GCC_C_LANGUAGE_STANDARD = gnu11;
				GCC_NO_COMMON_BLOCKS = YES;
				GCC_WARN_64_TO_32_BIT_CONVERSION = YES;
				GCC_WARN_ABOUT_RETURN_TYPE = YES_ERROR;
				GCC_WARN_UNDECLARED_SELECTOR = YES;
				GCC_WARN_UNINITIALIZED_AUTOS = YES_AGGRESSIVE;
				GCC_WARN_UNUSED_FUNCTION = YES;
				GCC_WARN_UNUSED_VARIABLE = YES;
				MACOSX_DEPLOYMENT_TARGET = 13.3;
				MTL_ENABLE_DEBUG_INFO = NO;
				MTL_FAST_MATH = YES;
				SDKROOT = macosx;
				SWIFT_COMPILATION_MODE = wholemodule;
				SWIFT_OPTIMIZATION_LEVEL = "-O";
			};
			name = Release;
		};
		D49B577A2ABF65A6008D2D51 /* Debug */ = {
			isa = XCBuildConfiguration;
			buildSettings = {
				CODE_SIGN_STYLE = Automatic;
				DEVELOPMENT_TEAM = 378ZJRNNF8;
				ENABLE_HARDENED_RUNTIME = YES;
				PRODUCT_NAME = "$(TARGET_NAME)";
				SWIFT_VERSION = 5.0;
			};
			name = Debug;
		};
		D49B577B2ABF65A6008D2D51 /* Release */ = {
			isa = XCBuildConfiguration;
			buildSettings = {
				CODE_SIGN_STYLE = Automatic;
				DEVELOPMENT_TEAM = 378ZJRNNF8;
				ENABLE_HARDENED_RUNTIME = YES;
				PRODUCT_NAME = "$(TARGET_NAME)";
				SWIFT_VERSION = 5.0;
			};
			name = Release;
		};
/* End XCBuildConfiguration section */

/* Begin XCConfigurationList section */
		D49B576D2ABF65A6008D2D51 /* Build configuration list for PBXProject "SwiftAlgorithm" */ = {
			isa = XCConfigurationList;
			buildConfigurations = (
				D49B57772ABF65A6008D2D51 /* Debug */,
				D49B57782ABF65A6008D2D51 /* Release */,
			);
			defaultConfigurationIsVisible = 0;
			defaultConfigurationName = Release;
		};
		D49B57792ABF65A6008D2D51 /* Build configuration list for PBXNativeTarget "SwiftAlgorithm" */ = {
			isa = XCConfigurationList;
			buildConfigurations = (
				D49B577A2ABF65A6008D2D51 /* Debug */,
				D49B577B2ABF65A6008D2D51 /* Release */,
			);
			defaultConfigurationIsVisible = 0;
			defaultConfigurationName = Release;
		};
/* End XCConfigurationList section */
	};
	rootObject = D49B576A2ABF65A6008D2D51 /* Project object */;
}
